
Microsoft Visual Studio Solution File, Format Version 12.00
# Visual Studio 15
VisualStudioVersion = 15.0.28307.539
MinimumVisualStudioVersion = 10.0.40219.1
Project("{FAE04EC0-301F-11D3-BF4B-00C04F79EFBC}") = "WPFAutoCompleteTextBox", "WPFAutoCompleteTextBox\WPFAutoCompleteTextBox.csproj", "{F7C02DF7-E178-4E76-AF12-4D19D123A25E}"
EndProject
Global
	GlobalSection(SolutionConfigurationPlatforms) = preSolution
		Debug|Any CPU = Debug|Any CPU
		Release|Any CPU = Release|Any CPU
	EndGlobalSection
	GlobalSection(ProjectConfigurationPlatforms) = postSolution
		{F7C02DF7-E178-4E76-AF12-4D19D123A25E}.Debug|Any CPU.ActiveCfg = Debug|Any CPU
		{F7C02DF7-E178-4E76-AF12-4D19D123A25E}.Debug|Any CPU.Build.0 = Debug|Any CPU
		{F7C02DF7-E178-4E76-AF12-4D19D123A25E}.Release|Any CPU.ActiveCfg = Release|Any CPU
		{F7C02DF7-E178-4E76-AF12-4D19D123A25E}.Release|Any CPU.Build.0 = Release|Any CPU
	EndGlobalSection
	GlobalSection(SolutionProperties) = preSolution
		HideSolutionNode = FALSE
	EndGlobalSection
	GlobalSection(ExtensibilityGlobals) = postSolution
		SolutionGuid = {E5C65024-3636-46AB-8AA0-097B3A19FF2C}
	EndGlobalSection
EndGlobal
